
Microsoft Visual Studio Solution File, Format Version 12.00
# Visual Studio Version 16
VisualStudioVersion = 16.0.32802.440
MinimumVisualStudioVersion = 10.0.40219.1
Project("{9A19103F-16F7-4668-BE54-9A1E7A4F7556}") = "Front-Crud-Escola", "Front-Crud-Escola\Front-Crud-Escola.csproj", "{6909CC98-D5E0-4993-A5E9-45F62B243025}"
EndProject
Project("{9A19103F-16F7-4668-BE54-9A1E7A4F7556}") = "Back-Crud-Escola", "Crud-Escola\Back-Crud-Escola.csproj", "{3B8C6412-8992-497A-92EF-CEDA8B1DC409}"
EndProject
Global
	GlobalSection(SolutionConfigurationPlatforms) = preSolution
		Debug|Any CPU = Debug|Any CPU
		Release|Any CPU = Release|Any CPU
	EndGlobalSection
	GlobalSection(ProjectConfigurationPlatforms) = postSolution
		{6909CC98-D5E0-4993-A5E9-45F62B243025}.Debug|Any CPU.ActiveCfg = Debug|Any CPU
		{6909CC98-D5E0-4993-A5E9-45F62B243025}.Debug|Any CPU.Build.0 = Debug|Any CPU
		{6909CC98-D5E0-4993-A5E9-45F62B243025}.Release|Any CPU.ActiveCfg = Release|Any CPU
		{6909CC98-D5E0-4993-A5E9-45F62B243025}.Release|Any CPU.Build.0 = Release|Any CPU
		{3B8C6412-8992-497A-92EF-CEDA8B1DC409}.Debug|Any CPU.ActiveCfg = Debug|Any CPU
		{3B8C6412-8992-497A-92EF-CEDA8B1DC409}.Debug|Any CPU.Build.0 = Debug|Any CPU
		{3B8C6412-8992-497A-92EF-CEDA8B1DC409}.Release|Any CPU.ActiveCfg = Release|Any CPU
		{3B8C6412-8992-497A-92EF-CEDA8B1DC409}.Release|Any CPU.Build.0 = Release|Any CPU
	EndGlobalSection
	GlobalSection(SolutionProperties) = preSolution
		HideSolutionNode = FALSE
	EndGlobalSection
	GlobalSection(ExtensibilityGlobals) = postSolution
		SolutionGuid = {046B2182-1655-4C87-857B-FB060B7F35EA}
	EndGlobalSection
EndGlobal
